// !$*UTF8*$!
{
	archiveVersion = 1;
	classes = {
	};
	objectVersion = 50;
	objects = {

/* Begin PBXBuildFile section */
		33AB00867B1F81D45B64C8CE /* Pods_MSDFilter.framework in Frameworks */ = {isa = PBXBuildFile; fileRef = 621FCC26288BA3B58E9B1BE5 /* Pods_MSDFilter.framework */; };
		59F9C21EE55E5341BA05DFAE /* Pods_MSDFilterTests.framework in Frameworks */ = {isa = PBXBuildFile; fileRef = 4769CC220E1FFA9F87410AA7 /* Pods_MSDFilterTests.framework */; };
		8910A1FD2700B37700F5E80B /* FilterScrollableView.swift in Sources */ = {isa = PBXBuildFile; fileRef = 8910A1FC2700B37700F5E80B /* FilterScrollableView.swift */; };
		8910A1FF2700B38100F5E80B /* FilterScrollableView.xib in Resources */ = {isa = PBXBuildFile; fileRef = 8910A1FE2700B38100F5E80B /* FilterScrollableView.xib */; };
		8910A2012700B39700F5E80B /* FilterCollectionViewCell.swift in Sources */ = {isa = PBXBuildFile; fileRef = 8910A2002700B39700F5E80B /* FilterCollectionViewCell.swift */; };
		8910A2032700BF6700F5E80B /* FilterItem.swift in Sources */ = {isa = PBXBuildFile; fileRef = 8910A2022700BF6700F5E80B /* FilterItem.swift */; };
		8910A20727010E4E00F5E80B /* FilterFactory.swift in Sources */ = {isa = PBXBuildFile; fileRef = 8910A20627010E4E00F5E80B /* FilterFactory.swift */; };
		8910A20C27013A3100F5E80B /* CollageViewController.swift in Sources */ = {isa = PBXBuildFile; fileRef = 8910A20B27013A3100F5E80B /* CollageViewController.swift */; };
		8910A20E27013A4300F5E80B /* CollageViewController.storyboard in Resources */ = {isa = PBXBuildFile; fileRef = 8910A20D27013A4300F5E80B /* CollageViewController.storyboard */; };
		8980D38D26FF593000F6766D /* AppDelegate.swift in Sources */ = {isa = PBXBuildFile; fileRef = 8980D38C26FF593000F6766D /* AppDelegate.swift */; };
		8980D38F26FF593000F6766D /* SceneDelegate.swift in Sources */ = {isa = PBXBuildFile; fileRef = 8980D38E26FF593000F6766D /* SceneDelegate.swift */; };
		8980D39426FF593000F6766D /* FilterViewController.storyboard in Resources */ = {isa = PBXBuildFile; fileRef = 8980D39226FF593000F6766D /* FilterViewController.storyboard */; };
		8980D39626FF593300F6766D /* Assets.xcassets in Resources */ = {isa = PBXBuildFile; fileRef = 8980D39526FF593300F6766D /* Assets.xcassets */; };
		8980D39926FF593300F6766D /* LaunchScreen.storyboard in Resources */ = {isa = PBXBuildFile; fileRef = 8980D39726FF593300F6766D /* LaunchScreen.storyboard */; };
		8980D3A426FF593300F6766D /* MSDFilterTests.swift in Sources */ = {isa = PBXBuildFile; fileRef = 8980D3A326FF593300F6766D /* MSDFilterTests.swift */; };
		8980D3AF26FF593300F6766D /* MSDFilterUITests.swift in Sources */ = {isa = PBXBuildFile; fileRef = 8980D3AE26FF593300F6766D /* MSDFilterUITests.swift */; };
		8980D3C426FF6EFD00F6766D /* FilterViewModel.swift in Sources */ = {isa = PBXBuildFile; fileRef = 8980D3C326FF6EFD00F6766D /* FilterViewModel.swift */; };
		8980D3C626FF6F2000F6766D /* FilterViewController.swift in Sources */ = {isa = PBXBuildFile; fileRef = 8980D3C526FF6F2000F6766D /* FilterViewController.swift */; };
		8980D7392700812C00F6766D /* GPUImage.framework in CopyFiles */ = {isa = PBXBuildFile; fileRef = 8980D71C26FF999E00F6766D /* GPUImage.framework */; settings = {ATTRIBUTES = (CodeSignOnCopy, RemoveHeadersOnCopy, ); }; };
		8980D7412700824B00F6766D /* GPUImage.framework in Frameworks */ = {isa = PBXBuildFile; fileRef = 8980D71C26FF999E00F6766D /* GPUImage.framework */; };
		CE675F274CEFC4E25ABC963D /* Pods_MSDFilter_MSDFilterUITests.framework in Frameworks */ = {isa = PBXBuildFile; fileRef = 23FCD36BC4F6D3E891867536 /* Pods_MSDFilter_MSDFilterUITests.framework */; };
/* End PBXBuildFile section */

/* Begin PBXContainerItemProxy section */
		8910A1EB2700979900F5E80B /* PBXContainerItemProxy */ = {
			isa = PBXContainerItemProxy;
			containerPortal = 8910A1E42700979900F5E80B /* GPUImage.xcodeproj */;
			proxyType = 2;
			remoteGlobalIDString = BC6E7CAB1C39A9D8006DF678;
			remoteInfo = GPUImage_macOS;
		};
		8910A1ED2700979900F5E80B /* PBXContainerItemProxy */ = {
			isa = PBXContainerItemProxy;
			containerPortal = 8910A1E42700979900F5E80B /* GPUImage.xcodeproj */;
			proxyType = 2;
			remoteGlobalIDString = BC6E7CB51C39A9D8006DF678;
			remoteInfo = GPUImageTests_macOS;
		};
		8910A1EF2700979900F5E80B /* PBXContainerItemProxy */ = {
			isa = PBXContainerItemProxy;
			containerPortal = 8910A1E42700979900F5E80B /* GPUImage.xcodeproj */;
			proxyType = 2;
			remoteGlobalIDString = BC9E34E91E524A2200B8604F;
			remoteInfo = GPUImage_iOS;
		};
		8910A1F12700979900F5E80B /* PBXContainerItemProxy */ = {
			isa = PBXContainerItemProxy;
			containerPortal = 8910A1E42700979900F5E80B /* GPUImage.xcodeproj */;
			proxyType = 2;
			remoteGlobalIDString = BC9E34F11E524A2200B8604F;
			remoteInfo = GPUImageTests_iOS;
		};
		8980D3A026FF593300F6766D /* PBXContainerItemProxy */ = {
			isa = PBXContainerItemProxy;
			containerPortal = 8980D38126FF593000F6766D /* Project object */;
			proxyType = 1;
			remoteGlobalIDString = 8980D38826FF593000F6766D;
			remoteInfo = MSDFilter;
		};
		8980D3AB26FF593300F6766D /* PBXContainerItemProxy */ = {
			isa = PBXContainerItemProxy;
			containerPortal = 8980D38126FF593000F6766D /* Project object */;
			proxyType = 1;
			remoteGlobalIDString = 8980D38826FF593000F6766D;
			remoteInfo = MSDFilter;
		};
		8980D71B26FF999E00F6766D /* PBXContainerItemProxy */ = {
			isa = PBXContainerItemProxy;
			containerPortal = 8980D71626FF999E00F6766D /* GPUImage.xcodeproj */;
			proxyType = 2;
			remoteGlobalIDString = BCE0BE7C20D6DE610006E120;
			remoteInfo = GPUImage_iOS;
		};
		8980D71D26FF999E00F6766D /* PBXContainerItemProxy */ = {
			isa = PBXContainerItemProxy;
			containerPortal = 8980D71626FF999E00F6766D /* GPUImage.xcodeproj */;
			proxyType = 2;
			remoteGlobalIDString = BCE0BE8C20D6E2B80006E120;
			remoteInfo = GPUImage_macOS;
		};
		8980D7332700810A00F6766D /* PBXContainerItemProxy */ = {
			isa = PBXContainerItemProxy;
			containerPortal = 8980D71626FF999E00F6766D /* GPUImage.xcodeproj */;
			proxyType = 1;
			remoteGlobalIDString = BCE0BE7B20D6DE610006E120;
			remoteInfo = GPUImage_iOS;
		};
/* End PBXContainerItemProxy section */

/* Begin PBXCopyFilesBuildPhase section */
		8980D72326FF99F500F6766D /* CopyFiles */ = {
			isa = PBXCopyFilesBuildPhase;
			buildActionMask = 2147483647;
			dstPath = "";
			dstSubfolderSpec = 10;
			files = (
				8980D7392700812C00F6766D /* GPUImage.framework in CopyFiles */,
			);
			runOnlyForDeploymentPostprocessing = 0;
		};
/* End PBXCopyFilesBuildPhase section */

/* Begin PBXFileReference section */
		23FCD36BC4F6D3E891867536 /* Pods_MSDFilter_MSDFilterUITests.framework */ = {isa = PBXFileReference; explicitFileType = wrapper.framework; includeInIndex = 0; path = Pods_MSDFilter_MSDFilterUITests.framework; sourceTree = BUILT_PRODUCTS_DIR; };
		4769CC220E1FFA9F87410AA7 /* Pods_MSDFilterTests.framework */ = {isa = PBXFileReference; explicitFileType = wrapper.framework; includeInIndex = 0; path = Pods_MSDFilterTests.framework; sourceTree = BUILT_PRODUCTS_DIR; };
		621FCC26288BA3B58E9B1BE5 /* Pods_MSDFilter.framework */ = {isa = PBXFileReference; explicitFileType = wrapper.framework; includeInIndex = 0; path = Pods_MSDFilter.framework; sourceTree = BUILT_PRODUCTS_DIR; };
		6331DC706450B0373DADDABA /* Pods-MSDFilter-MSDFilterUITests.release.xcconfig */ = {isa = PBXFileReference; includeInIndex = 1; lastKnownFileType = text.xcconfig; name = "Pods-MSDFilter-MSDFilterUITests.release.xcconfig"; path = "Target Support Files/Pods-MSDFilter-MSDFilterUITests/Pods-MSDFilter-MSDFilterUITests.release.xcconfig"; sourceTree = "<group>"; };
		6CF49195681DBCAD6501CE9C /* Pods-MSDFilterTests.release.xcconfig */ = {isa = PBXFileReference; includeInIndex = 1; lastKnownFileType = text.xcconfig; name = "Pods-MSDFilterTests.release.xcconfig"; path = "Target Support Files/Pods-MSDFilterTests/Pods-MSDFilterTests.release.xcconfig"; sourceTree = "<group>"; };
		7A5B3BF6CD01876CC5F13E72 /* Pods-MSDFilterTests.debug.xcconfig */ = {isa = PBXFileReference; includeInIndex = 1; lastKnownFileType = text.xcconfig; name = "Pods-MSDFilterTests.debug.xcconfig"; path = "Target Support Files/Pods-MSDFilterTests/Pods-MSDFilterTests.debug.xcconfig"; sourceTree = "<group>"; };
		8910A1E42700979900F5E80B /* GPUImage.xcodeproj */ = {isa = PBXFileReference; lastKnownFileType = "wrapper.pb-project"; name = GPUImage.xcodeproj; path = "../../../../../../../Downloads/GPUImage2-master/framework/GPUImage.xcodeproj"; sourceTree = "<group>"; };
		8910A1FC2700B37700F5E80B /* FilterScrollableView.swift */ = {isa = PBXFileReference; lastKnownFileType = sourcecode.swift; path = FilterScrollableView.swift; sourceTree = "<group>"; };
		8910A1FE2700B38100F5E80B /* FilterScrollableView.xib */ = {isa = PBXFileReference; lastKnownFileType = file.xib; path = FilterScrollableView.xib; sourceTree = "<group>"; };
		8910A2002700B39700F5E80B /* FilterCollectionViewCell.swift */ = {isa = PBXFileReference; lastKnownFileType = sourcecode.swift; path = FilterCollectionViewCell.swift; sourceTree = "<group>"; };
		8910A2022700BF6700F5E80B /* FilterItem.swift */ = {isa = PBXFileReference; lastKnownFileType = sourcecode.swift; path = FilterItem.swift; sourceTree = "<group>"; };
		8910A20627010E4E00F5E80B /* FilterFactory.swift */ = {isa = PBXFileReference; lastKnownFileType = sourcecode.swift; path = FilterFactory.swift; sourceTree = "<group>"; };
		8910A20B27013A3100F5E80B /* CollageViewController.swift */ = {isa = PBXFileReference; lastKnownFileType = sourcecode.swift; path = CollageViewController.swift; sourceTree = "<group>"; };
		8910A20D27013A4300F5E80B /* CollageViewController.storyboard */ = {isa = PBXFileReference; lastKnownFileType = file.storyboard; path = CollageViewController.storyboard; sourceTree = "<group>"; };
		8980D38926FF593000F6766D /* MSDFilter.app */ = {isa = PBXFileReference; explicitFileType = wrapper.application; includeInIndex = 0; path = MSDFilter.app; sourceTree = BUILT_PRODUCTS_DIR; };
		8980D38C26FF593000F6766D /* AppDelegate.swift */ = {isa = PBXFileReference; lastKnownFileType = sourcecode.swift; path = AppDelegate.swift; sourceTree = "<group>"; };
		8980D38E26FF593000F6766D /* SceneDelegate.swift */ = {isa = PBXFileReference; lastKnownFileType = sourcecode.swift; path = SceneDelegate.swift; sourceTree = "<group>"; };
		8980D39326FF593000F6766D /* Base */ = {isa = PBXFileReference; lastKnownFileType = file.storyboard; name = Base; path = Base.lproj/FilterViewController.storyboard; sourceTree = "<group>"; };
		8980D39526FF593300F6766D /* Assets.xcassets */ = {isa = PBXFileReference; lastKnownFileType = folder.assetcatalog; path = Assets.xcassets; sourceTree = "<group>"; };
		8980D39826FF593300F6766D /* Base */ = {isa = PBXFileReference; lastKnownFileType = file.storyboard; name = Base; path = Base.lproj/LaunchScreen.storyboard; sourceTree = "<group>"; };
		8980D39A26FF593300F6766D /* Info.plist */ = {isa = PBXFileReference; lastKnownFileType = text.plist.xml; path = Info.plist; sourceTree = "<group>"; };
		8980D39F26FF593300F6766D /* MSDFilterTests.xctest */ = {isa = PBXFileReference; explicitFileType = wrapper.cfbundle; includeInIndex = 0; path = MSDFilterTests.xctest; sourceTree = BUILT_PRODUCTS_DIR; };
		8980D3A326FF593300F6766D /* MSDFilterTests.swift */ = {isa = PBXFileReference; lastKnownFileType = sourcecode.swift; path = MSDFilterTests.swift; sourceTree = "<group>"; };
		8980D3A526FF593300F6766D /* Info.plist */ = {isa = PBXFileReference; lastKnownFileType = text.plist.xml; path = Info.plist; sourceTree = "<group>"; };
		8980D3AA26FF593300F6766D /* MSDFilterUITests.xctest */ = {isa = PBXFileReference; explicitFileType = wrapper.cfbundle; includeInIndex = 0; path = MSDFilterUITests.xctest; sourceTree = BUILT_PRODUCTS_DIR; };
		8980D3AE26FF593300F6766D /* MSDFilterUITests.swift */ = {isa = PBXFileReference; lastKnownFileType = sourcecode.swift; path = MSDFilterUITests.swift; sourceTree = "<group>"; };
		8980D3B026FF593300F6766D /* Info.plist */ = {isa = PBXFileReference; lastKnownFileType = text.plist.xml; path = Info.plist; sourceTree = "<group>"; };
		8980D3C326FF6EFD00F6766D /* FilterViewModel.swift */ = {isa = PBXFileReference; lastKnownFileType = sourcecode.swift; path = FilterViewModel.swift; sourceTree = SOURCE_ROOT; };
		8980D3C526FF6F2000F6766D /* FilterViewController.swift */ = {isa = PBXFileReference; lastKnownFileType = sourcecode.swift; path = FilterViewController.swift; sourceTree = "<group>"; };
		8980D71626FF999E00F6766D /* GPUImage.xcodeproj */ = {isa = PBXFileReference; lastKnownFileType = "wrapper.pb-project"; name = GPUImage.xcodeproj; path = "../../../../../../../Downloads/GPUImage3-master/framework/GPUImage.xcodeproj"; sourceTree = "<group>"; };
		8D5E2852FE37857114BB91C5 /* Pods-MSDFilter.release.xcconfig */ = {isa = PBXFileReference; includeInIndex = 1; lastKnownFileType = text.xcconfig; name = "Pods-MSDFilter.release.xcconfig"; path = "Target Support Files/Pods-MSDFilter/Pods-MSDFilter.release.xcconfig"; sourceTree = "<group>"; };
		B1B2C4CF370CB9275BFB7C4D /* Pods-MSDFilter.debug.xcconfig */ = {isa = PBXFileReference; includeInIndex = 1; lastKnownFileType = text.xcconfig; name = "Pods-MSDFilter.debug.xcconfig"; path = "Target Support Files/Pods-MSDFilter/Pods-MSDFilter.debug.xcconfig"; sourceTree = "<group>"; };
		BA0AAB2F0E03BF425BF2881F /* Pods-MSDFilter-MSDFilterUITests.debug.xcconfig */ = {isa = PBXFileReference; includeInIndex = 1; lastKnownFileType = text.xcconfig; name = "Pods-MSDFilter-MSDFilterUITests.debug.xcconfig"; path = "Target Support Files/Pods-MSDFilter-MSDFilterUITests/Pods-MSDFilter-MSDFilterUITests.debug.xcconfig"; sourceTree = "<group>"; };
/* End PBXFileReference section */

/* Begin PBXFrameworksBuildPhase section */
		8980D38626FF593000F6766D /* Frameworks */ = {
			isa = PBXFrameworksBuildPhase;
			buildActionMask = 2147483647;
			files = (
				8980D7412700824B00F6766D /* GPUImage.framework in Frameworks */,
				33AB00867B1F81D45B64C8CE /* Pods_MSDFilter.framework in Frameworks */,
			);
			runOnlyForDeploymentPostprocessing = 0;
		};
		8980D39C26FF593300F6766D /* Frameworks */ = {
			isa = PBXFrameworksBuildPhase;
			buildActionMask = 2147483647;
			files = (
				59F9C21EE55E5341BA05DFAE /* Pods_MSDFilterTests.framework in Frameworks */,
			);
			runOnlyForDeploymentPostprocessing = 0;
		};
		8980D3A726FF593300F6766D /* Frameworks */ = {
			isa = PBXFrameworksBuildPhase;
			buildActionMask = 2147483647;
			files = (
				CE675F274CEFC4E25ABC963D /* Pods_MSDFilter_MSDFilterUITests.framework in Frameworks */,
			);
			runOnlyForDeploymentPostprocessing = 0;
		};
/* End PBXFrameworksBuildPhase section */

/* Begin PBXGroup section */
		8910A1E32700978600F5E80B /* GPUImage2 */ = {
			isa = PBXGroup;
			children = (
				8910A1E42700979900F5E80B /* GPUImage.xcodeproj */,
			);
			path = GPUImage2;
			sourceTree = "<group>";
		};
		8910A1E52700979900F5E80B /* Products */ = {
			isa = PBXGroup;
			children = (
				8910A1EC2700979900F5E80B /* GPUImage.framework */,
				8910A1EE2700979900F5E80B /* GPUImageTests_macOS.xctest */,
				8910A1F02700979900F5E80B /* GPUImage.framework */,
				8910A1F22700979900F5E80B /* GPUImageTests_iOS.xctest */,
			);
			name = Products;
			sourceTree = "<group>";
		};
		8910A1F72700A2AB00F5E80B /* Custom Views */ = {
			isa = PBXGroup;
			children = (
				8910A1F82700A2B600F5E80B /* Scrollable View */,
			);
			path = "Custom Views";
			sourceTree = "<group>";
		};
		8910A1F82700A2B600F5E80B /* Scrollable View */ = {
			isa = PBXGroup;
			children = (
				8910A1FC2700B37700F5E80B /* FilterScrollableView.swift */,
				8910A1FE2700B38100F5E80B /* FilterScrollableView.xib */,
				8910A2002700B39700F5E80B /* FilterCollectionViewCell.swift */,
			);
			path = "Scrollable View";
			sourceTree = "<group>";
		};
		8910A20427010D0000F5E80B /* Helper */ = {
			isa = PBXGroup;
			children = (
				8910A20627010E4E00F5E80B /* FilterFactory.swift */,
			);
			path = Helper;
			sourceTree = "<group>";
		};
		8910A2082701387600F5E80B /* CollageView */ = {
			isa = PBXGroup;
			children = (
				8910A20A2701388600F5E80B /* ViewModel */,
				8910A2092701388300F5E80B /* View */,
			);
			path = CollageView;
			sourceTree = "<group>";
		};
		8910A2092701388300F5E80B /* View */ = {
			isa = PBXGroup;
			children = (
				8910A20B27013A3100F5E80B /* CollageViewController.swift */,
				8910A20D27013A4300F5E80B /* CollageViewController.storyboard */,
			);
			path = View;
			sourceTree = "<group>";
		};
		8910A20A2701388600F5E80B /* ViewModel */ = {
			isa = PBXGroup;
			children = (
			);
			path = ViewModel;
			sourceTree = "<group>";
		};
		8980D38026FF593000F6766D = {
			isa = PBXGroup;
			children = (
				8980D38B26FF593000F6766D /* MSDFilter */,
				8980D3A226FF593300F6766D /* MSDFilterTests */,
				8980D3AD26FF593300F6766D /* MSDFilterUITests */,
				8980D38A26FF593000F6766D /* Products */,
				8980D72126FF99EB00F6766D /* Frameworks */,
				BF8E53A62960A37984049644 /* Pods */,
			);
			sourceTree = "<group>";
		};
		8980D38A26FF593000F6766D /* Products */ = {
			isa = PBXGroup;
			children = (
				8980D38926FF593000F6766D /* MSDFilter.app */,
				8980D39F26FF593300F6766D /* MSDFilterTests.xctest */,
				8980D3AA26FF593300F6766D /* MSDFilterUITests.xctest */,
			);
			name = Products;
			sourceTree = "<group>";
		};
		8980D38B26FF593000F6766D /* MSDFilter */ = {
			isa = PBXGroup;
			children = (
				8980D3BC26FF6CB600F6766D /* Application */,
				8980D3BF26FF6CFD00F6766D /* Modules */,
				8980D3BE26FF6CCE00F6766D /* Models */,
				8980D3CB26FF73F100F6766D /* Common */,
				8980D3C726FF738300F6766D /* Resources */,
			);
			path = MSDFilter;
			sourceTree = "<group>";
		};
		8980D3A226FF593300F6766D /* MSDFilterTests */ = {
			isa = PBXGroup;
			children = (
				8980D3A326FF593300F6766D /* MSDFilterTests.swift */,
				8980D3A526FF593300F6766D /* Info.plist */,
			);
			path = MSDFilterTests;
			sourceTree = "<group>";
		};
		8980D3AD26FF593300F6766D /* MSDFilterUITests */ = {
			isa = PBXGroup;
			children = (
				8980D3AE26FF593300F6766D /* MSDFilterUITests.swift */,
				8980D3B026FF593300F6766D /* Info.plist */,
			);
			path = MSDFilterUITests;
			sourceTree = "<group>";
		};
		8980D3BC26FF6CB600F6766D /* Application */ = {
			isa = PBXGroup;
			children = (
				8980D38E26FF593000F6766D /* SceneDelegate.swift */,
				8980D38C26FF593000F6766D /* AppDelegate.swift */,
			);
			path = Application;
			sourceTree = "<group>";
		};
		8980D3BE26FF6CCE00F6766D /* Models */ = {
			isa = PBXGroup;
			children = (
				8910A2022700BF6700F5E80B /* FilterItem.swift */,
			);
			path = Models;
			sourceTree = "<group>";
		};
		8980D3BF26FF6CFD00F6766D /* Modules */ = {
			isa = PBXGroup;
			children = (
				8910A2082701387600F5E80B /* CollageView */,
				8980D3C026FF6EAE00F6766D /* FilterView */,
			);
			path = Modules;
			sourceTree = "<group>";
		};
		8980D3C026FF6EAE00F6766D /* FilterView */ = {
			isa = PBXGroup;
			children = (
				8980D3C226FF6EC800F6766D /* View */,
				8980D3C126FF6EBA00F6766D /* ViewModel */,
			);
			path = FilterView;
			sourceTree = "<group>";
		};
		8980D3C126FF6EBA00F6766D /* ViewModel */ = {
			isa = PBXGroup;
			children = (
				8980D3C326FF6EFD00F6766D /* FilterViewModel.swift */,
			);
			name = ViewModel;
			path = "../New Group/ViewModel";
			sourceTree = "<group>";
		};
		8980D3C226FF6EC800F6766D /* View */ = {
			isa = PBXGroup;
			children = (
				8980D39226FF593000F6766D /* FilterViewController.storyboard */,
				8980D3C526FF6F2000F6766D /* FilterViewController.swift */,
			);
			name = View;
			path = "New Group1";
			sourceTree = "<group>";
		};
		8980D3C726FF738300F6766D /* Resources */ = {
			isa = PBXGroup;
			children = (
				8980D3CA26FF73A600F6766D /* Plist */,
				8980D3C926FF739800F6766D /* Launch Screen */,
				8980D3C826FF739100F6766D /* Assets */,
			);
			path = Resources;
			sourceTree = "<group>";
		};
		8980D3C826FF739100F6766D /* Assets */ = {
			isa = PBXGroup;
			children = (
				8980D39526FF593300F6766D /* Assets.xcassets */,
			);
			path = Assets;
			sourceTree = "<group>";
		};
		8980D3C926FF739800F6766D /* Launch Screen */ = {
			isa = PBXGroup;
			children = (
				8980D39726FF593300F6766D /* LaunchScreen.storyboard */,
			);
			path = "Launch Screen";
			sourceTree = "<group>";
		};
		8980D3CA26FF73A600F6766D /* Plist */ = {
			isa = PBXGroup;
			children = (
				8980D39A26FF593300F6766D /* Info.plist */,
			);
			path = Plist;
			sourceTree = "<group>";
		};
		8980D3CB26FF73F100F6766D /* Common */ = {
			isa = PBXGroup;
			children = (
				8910A20427010D0000F5E80B /* Helper */,
				8910A1F72700A2AB00F5E80B /* Custom Views */,
				8980D3CC26FF73F600F6766D /* Third Party */,
			);
			path = Common;
			sourceTree = "<group>";
		};
		8980D3CC26FF73F600F6766D /* Third Party */ = {
			isa = PBXGroup;
			children = (
				8910A1E32700978600F5E80B /* GPUImage2 */,
				8980D3CD26FF73FF00F6766D /* GPUImage */,
			);
			path = "Third Party";
			sourceTree = "<group>";
		};
		8980D3CD26FF73FF00F6766D /* GPUImage */ = {
			isa = PBXGroup;
			children = (
				8980D71626FF999E00F6766D /* GPUImage.xcodeproj */,
			);
			path = GPUImage;
			sourceTree = "<group>";
		};
		8980D71726FF999E00F6766D /* Products */ = {
			isa = PBXGroup;
			children = (
				8980D71C26FF999E00F6766D /* GPUImage.framework */,
				8980D71E26FF999E00F6766D /* GPUImage.framework */,
			);
			name = Products;
			sourceTree = "<group>";
		};
		8980D72126FF99EB00F6766D /* Frameworks */ = {
			isa = PBXGroup;
			children = (
				621FCC26288BA3B58E9B1BE5 /* Pods_MSDFilter.framework */,
				23FCD36BC4F6D3E891867536 /* Pods_MSDFilter_MSDFilterUITests.framework */,
				4769CC220E1FFA9F87410AA7 /* Pods_MSDFilterTests.framework */,
			);
			name = Frameworks;
			sourceTree = "<group>";
		};
		BF8E53A62960A37984049644 /* Pods */ = {
			isa = PBXGroup;
			children = (
				B1B2C4CF370CB9275BFB7C4D /* Pods-MSDFilter.debug.xcconfig */,
				8D5E2852FE37857114BB91C5 /* Pods-MSDFilter.release.xcconfig */,
				BA0AAB2F0E03BF425BF2881F /* Pods-MSDFilter-MSDFilterUITests.debug.xcconfig */,
				6331DC706450B0373DADDABA /* Pods-MSDFilter-MSDFilterUITests.release.xcconfig */,
				7A5B3BF6CD01876CC5F13E72 /* Pods-MSDFilterTests.debug.xcconfig */,
				6CF49195681DBCAD6501CE9C /* Pods-MSDFilterTests.release.xcconfig */,
			);
			name = Pods;
			path = Pods;
			sourceTree = "<group>";
		};
/* End PBXGroup section */

/* Begin PBXNativeTarget section */
		8980D38826FF593000F6766D /* MSDFilter */ = {
			isa = PBXNativeTarget;
			buildConfigurationList = 8980D3B326FF593300F6766D /* Build configuration list for PBXNativeTarget "MSDFilter" */;
			buildPhases = (
				FF67997F71E3507832DF38D0 /* [CP] Check Pods Manifest.lock */,
				8980D38526FF593000F6766D /* Sources */,
				8980D38626FF593000F6766D /* Frameworks */,
				8980D38726FF593000F6766D /* Resources */,
				8980D72326FF99F500F6766D /* CopyFiles */,
				5B7905AB63CF642DA7AC7443 /* [CP] Embed Pods Frameworks */,
			);
			buildRules = (
			);
			dependencies = (
				8980D7342700810A00F6766D /* PBXTargetDependency */,
			);
			name = MSDFilter;
			productName = MSDFilter;
			productReference = 8980D38926FF593000F6766D /* MSDFilter.app */;
			productType = "com.apple.product-type.application";
		};
		8980D39E26FF593300F6766D /* MSDFilterTests */ = {
			isa = PBXNativeTarget;
			buildConfigurationList = 8980D3B626FF593300F6766D /* Build configuration list for PBXNativeTarget "MSDFilterTests" */;
			buildPhases = (
				037AF21CD5D11C1BD89AF395 /* [CP] Check Pods Manifest.lock */,
				8980D39B26FF593300F6766D /* Sources */,
				8980D39C26FF593300F6766D /* Frameworks */,
				8980D39D26FF593300F6766D /* Resources */,
			);
			buildRules = (
			);
			dependencies = (
				8980D3A126FF593300F6766D /* PBXTargetDependency */,
			);
			name = MSDFilterTests;
			productName = MSDFilterTests;
			productReference = 8980D39F26FF593300F6766D /* MSDFilterTests.xctest */;
			productType = "com.apple.product-type.bundle.unit-test";
		};
		8980D3A926FF593300F6766D /* MSDFilterUITests */ = {
			isa = PBXNativeTarget;
			buildConfigurationList = 8980D3B926FF593300F6766D /* Build configuration list for PBXNativeTarget "MSDFilterUITests" */;
			buildPhases = (
				0667941624D683FB116BE615 /* [CP] Check Pods Manifest.lock */,
				8980D3A626FF593300F6766D /* Sources */,
				8980D3A726FF593300F6766D /* Frameworks */,
				8980D3A826FF593300F6766D /* Resources */,
				7CC7169844B30CB9F1670E44 /* [CP] Embed Pods Frameworks */,
			);
			buildRules = (
			);
			dependencies = (
				8980D3AC26FF593300F6766D /* PBXTargetDependency */,
			);
			name = MSDFilterUITests;
			productName = MSDFilterUITests;
			productReference = 8980D3AA26FF593300F6766D /* MSDFilterUITests.xctest */;
			productType = "com.apple.product-type.bundle.ui-testing";
		};
/* End PBXNativeTarget section */

/* Begin PBXProject section */
		8980D38126FF593000F6766D /* Project object */ = {
			isa = PBXProject;
			attributes = {
				LastSwiftUpdateCheck = 1250;
				LastUpgradeCheck = 1250;
				TargetAttributes = {
					8980D38826FF593000F6766D = {
						CreatedOnToolsVersion = 12.5;
					};
					8980D39E26FF593300F6766D = {
						CreatedOnToolsVersion = 12.5;
						TestTargetID = 8980D38826FF593000F6766D;
					};
					8980D3A926FF593300F6766D = {
						CreatedOnToolsVersion = 12.5;
						TestTargetID = 8980D38826FF593000F6766D;
					};
				};
			};
			buildConfigurationList = 8980D38426FF593000F6766D /* Build configuration list for PBXProject "MSDFilter" */;
			compatibilityVersion = "Xcode 9.3";
			developmentRegion = en;
			hasScannedForEncodings = 0;
			knownRegions = (
				en,
				Base,
			);
			mainGroup = 8980D38026FF593000F6766D;
			productRefGroup = 8980D38A26FF593000F6766D /* Products */;
			projectDirPath = "";
			projectReferences = (
				{
					ProductGroup = 8980D71726FF999E00F6766D /* Products */;
					ProjectRef = 8980D71626FF999E00F6766D /* GPUImage.xcodeproj */;
				},
				{
					ProductGroup = 8910A1E52700979900F5E80B /* Products */;
					ProjectRef = 8910A1E42700979900F5E80B /* GPUImage.xcodeproj */;
				},
			);
			projectRoot = "";
			targets = (
				8980D38826FF593000F6766D /* MSDFilter */,
				8980D39E26FF593300F6766D /* MSDFilterTests */,
				8980D3A926FF593300F6766D /* MSDFilterUITests */,
			);
		};
/* End PBXProject section */

/* Begin PBXReferenceProxy section */
		8910A1EC2700979900F5E80B /* GPUImage.framework */ = {
			isa = PBXReferenceProxy;
			fileType = wrapper.framework;
			path = GPUImage.framework;
			remoteRef = 8910A1EB2700979900F5E80B /* PBXContainerItemProxy */;
			sourceTree = BUILT_PRODUCTS_DIR;
		};
		8910A1EE2700979900F5E80B /* GPUImageTests_macOS.xctest */ = {
			isa = PBXReferenceProxy;
			fileType = wrapper.cfbundle;
			path = GPUImageTests_macOS.xctest;
			remoteRef = 8910A1ED2700979900F5E80B /* PBXContainerItemProxy */;
			sourceTree = BUILT_PRODUCTS_DIR;
		};
		8910A1F02700979900F5E80B /* GPUImage.framework */ = {
			isa = PBXReferenceProxy;
			fileType = wrapper.framework;
			path = GPUImage.framework;
			remoteRef = 8910A1EF2700979900F5E80B /* PBXContainerItemProxy */;
			sourceTree = BUILT_PRODUCTS_DIR;
		};
		8910A1F22700979900F5E80B /* GPUImageTests_iOS.xctest */ = {
			isa = PBXReferenceProxy;
			fileType = wrapper.cfbundle;
			path = GPUImageTests_iOS.xctest;
			remoteRef = 8910A1F12700979900F5E80B /* PBXContainerItemProxy */;
			sourceTree = BUILT_PRODUCTS_DIR;
		};
		8980D71C26FF999E00F6766D /* GPUImage.framework */ = {
			isa = PBXReferenceProxy;
			fileType = wrapper.framework;
			path = GPUImage.framework;
			remoteRef = 8980D71B26FF999E00F6766D /* PBXContainerItemProxy */;
			sourceTree = BUILT_PRODUCTS_DIR;
		};
		8980D71E26FF999E00F6766D /* GPUImage.framework */ = {
			isa = PBXReferenceProxy;
			fileType = wrapper.framework;
			path = GPUImage.framework;
			remoteRef = 8980D71D26FF999E00F6766D /* PBXContainerItemProxy */;
			sourceTree = BUILT_PRODUCTS_DIR;
		};
/* End PBXReferenceProxy section */

/* Begin PBXResourcesBuildPhase section */
		8980D38726FF593000F6766D /* Resources */ = {
			isa = PBXResourcesBuildPhase;
			buildActionMask = 2147483647;
			files = (
				8910A20E27013A4300F5E80B /* CollageViewController.storyboard in Resources */,
				8980D39926FF593300F6766D /* LaunchScreen.storyboard in Resources */,
				8910A1FF2700B38100F5E80B /* FilterScrollableView.xib in Resources */,
				8980D39626FF593300F6766D /* Assets.xcassets in Resources */,
				8980D39426FF593000F6766D /* FilterViewController.storyboard in Resources */,
			);
			runOnlyForDeploymentPostprocessing = 0;
		};
		8980D39D26FF593300F6766D /* Resources */ = {
			isa = PBXResourcesBuildPhase;
			buildActionMask = 2147483647;
			files = (
			);
			runOnlyForDeploymentPostprocessing = 0;
		};
		8980D3A826FF593300F6766D /* Resources */ = {
			isa = PBXResourcesBuildPhase;
			buildActionMask = 2147483647;
			files = (
			);
			runOnlyForDeploymentPostprocessing = 0;
		};
/* End PBXResourcesBuildPhase section */

/* Begin PBXShellScriptBuildPhase section */
		037AF21CD5D11C1BD89AF395 /* [CP] Check Pods Manifest.lock */ = {
			isa = PBXShellScriptBuildPhase;
			buildActionMask = 2147483647;
			files = (
			);
			inputFileListPaths = (
			);
			inputPaths = (
				"${PODS_PODFILE_DIR_PATH}/Podfile.lock",
				"${PODS_ROOT}/Manifest.lock",
			);
			name = "[CP] Check Pods Manifest.lock";
			outputFileListPaths = (
			);
			outputPaths = (
				"$(DERIVED_FILE_DIR)/Pods-MSDFilterTests-checkManifestLockResult.txt",
			);
			runOnlyForDeploymentPostprocessing = 0;
			shellPath = /bin/sh;
			shellScript = "diff \"${PODS_PODFILE_DIR_PATH}/Podfile.lock\" \"${PODS_ROOT}/Manifest.lock\" > /dev/null\nif [ $? != 0 ] ; then\n    # print error to STDERR\n    echo \"error: The sandbox is not in sync with the Podfile.lock. Run 'pod install' or update your CocoaPods installation.\" >&2\n    exit 1\nfi\n# This output is used by Xcode 'outputs' to avoid re-running this script phase.\necho \"SUCCESS\" > \"${SCRIPT_OUTPUT_FILE_0}\"\n";
			showEnvVarsInLog = 0;
		};
		0667941624D683FB116BE615 /* [CP] Check Pods Manifest.lock */ = {
			isa = PBXShellScriptBuildPhase;
			buildActionMask = 2147483647;
			files = (
			);
			inputFileListPaths = (
			);
			inputPaths = (
				"${PODS_PODFILE_DIR_PATH}/Podfile.lock",
				"${PODS_ROOT}/Manifest.lock",
			);
			name = "[CP] Check Pods Manifest.lock";
			outputFileListPaths = (
			);
			outputPaths = (
				"$(DERIVED_FILE_DIR)/Pods-MSDFilter-MSDFilterUITests-checkManifestLockResult.txt",
			);
			runOnlyForDeploymentPostprocessing = 0;
			shellPath = /bin/sh;
			shellScript = "diff \"${PODS_PODFILE_DIR_PATH}/Podfile.lock\" \"${PODS_ROOT}/Manifest.lock\" > /dev/null\nif [ $? != 0 ] ; then\n    # print error to STDERR\n    echo \"error: The sandbox is not in sync with the Podfile.lock. Run 'pod install' or update your CocoaPods installation.\" >&2\n    exit 1\nfi\n# This output is used by Xcode 'outputs' to avoid re-running this script phase.\necho \"SUCCESS\" > \"${SCRIPT_OUTPUT_FILE_0}\"\n";
			showEnvVarsInLog = 0;
		};
		5B7905AB63CF642DA7AC7443 /* [CP] Embed Pods Frameworks */ = {
			isa = PBXShellScriptBuildPhase;
			buildActionMask = 2147483647;
			files = (
			);
			inputFileListPaths = (
				"${PODS_ROOT}/Target Support Files/Pods-MSDFilter/Pods-MSDFilter-frameworks-${CONFIGURATION}-input-files.xcfilelist",
			);
			name = "[CP] Embed Pods Frameworks";
			outputFileListPaths = (
				"${PODS_ROOT}/Target Support Files/Pods-MSDFilter/Pods-MSDFilter-frameworks-${CONFIGURATION}-output-files.xcfilelist",
			);
			runOnlyForDeploymentPostprocessing = 0;
			shellPath = /bin/sh;
			shellScript = "\"${PODS_ROOT}/Target Support Files/Pods-MSDFilter/Pods-MSDFilter-frameworks.sh\"\n";
			showEnvVarsInLog = 0;
		};
		7CC7169844B30CB9F1670E44 /* [CP] Embed Pods Frameworks */ = {
			isa = PBXShellScriptBuildPhase;
			buildActionMask = 2147483647;
			files = (
			);
			inputFileListPaths = (
				"${PODS_ROOT}/Target Support Files/Pods-MSDFilter-MSDFilterUITests/Pods-MSDFilter-MSDFilterUITests-frameworks-${CONFIGURATION}-input-files.xcfilelist",
			);
			name = "[CP] Embed Pods Frameworks";
			outputFileListPaths = (
				"${PODS_ROOT}/Target Support Files/Pods-MSDFilter-MSDFilterUITests/Pods-MSDFilter-MSDFilterUITests-frameworks-${CONFIGURATION}-output-files.xcfilelist",
			);
			runOnlyForDeploymentPostprocessing = 0;
			shellPath = /bin/sh;
			shellScript = "\"${PODS_ROOT}/Target Support Files/Pods-MSDFilter-MSDFilterUITests/Pods-MSDFilter-MSDFilterUITests-frameworks.sh\"\n";
			showEnvVarsInLog = 0;
		};
		FF67997F71E3507832DF38D0 /* [CP] Check Pods Manifest.lock */ = {
			isa = PBXShellScriptBuildPhase;
			buildActionMask = 2147483647;
			files = (
			);
			inputFileListPaths = (
			);
			inputPaths = (
				"${PODS_PODFILE_DIR_PATH}/Podfile.lock",
				"${PODS_ROOT}/Manifest.lock",
			);
			name = "[CP] Check Pods Manifest.lock";
			outputFileListPaths = (
			);
			outputPaths = (
				"$(DERIVED_FILE_DIR)/Pods-MSDFilter-checkManifestLockResult.txt",
			);
			runOnlyForDeploymentPostprocessing = 0;
			shellPath = /bin/sh;
			shellScript = "diff \"${PODS_PODFILE_DIR_PATH}/Podfile.lock\" \"${PODS_ROOT}/Manifest.lock\" > /dev/null\nif [ $? != 0 ] ; then\n    # print error to STDERR\n    echo \"error: The sandbox is not in sync with the Podfile.lock. Run 'pod install' or update your CocoaPods installation.\" >&2\n    exit 1\nfi\n# This output is used by Xcode 'outputs' to avoid re-running this script phase.\necho \"SUCCESS\" > \"${SCRIPT_OUTPUT_FILE_0}\"\n";
			showEnvVarsInLog = 0;
		};
/* End PBXShellScriptBuildPhase section */

/* Begin PBXSourcesBuildPhase section */
		8980D38526FF593000F6766D /* Sources */ = {
			isa = PBXSourcesBuildPhase;
			buildActionMask = 2147483647;
			files = (
				8980D38D26FF593000F6766D /* AppDelegate.swift in Sources */,
				8910A1FD2700B37700F5E80B /* FilterScrollableView.swift in Sources */,
				8910A2032700BF6700F5E80B /* FilterItem.swift in Sources */,
				8910A20C27013A3100F5E80B /* CollageViewController.swift in Sources */,
				8980D3C426FF6EFD00F6766D /* FilterViewModel.swift in Sources */,
				8910A20727010E4E00F5E80B /* FilterFactory.swift in Sources */,
				8980D3C626FF6F2000F6766D /* FilterViewController.swift in Sources */,
				8910A2012700B39700F5E80B /* FilterCollectionViewCell.swift in Sources */,
				8980D38F26FF593000F6766D /* SceneDelegate.swift in Sources */,
			);
			runOnlyForDeploymentPostprocessing = 0;
		};
		8980D39B26FF593300F6766D /* Sources */ = {
			isa = PBXSourcesBuildPhase;
			buildActionMask = 2147483647;
			files = (
				8980D3A426FF593300F6766D /* MSDFilterTests.swift in Sources */,
			);
			runOnlyForDeploymentPostprocessing = 0;
		};
		8980D3A626FF593300F6766D /* Sources */ = {
			isa = PBXSourcesBuildPhase;
			buildActionMask = 2147483647;
			files = (
				8980D3AF26FF593300F6766D /* MSDFilterUITests.swift in Sources */,
			);
			runOnlyForDeploymentPostprocessing = 0;
		};
/* End PBXSourcesBuildPhase section */

/* Begin PBXTargetDependency section */
		8980D3A126FF593300F6766D /* PBXTargetDependency */ = {
			isa = PBXTargetDependency;
			target = 8980D38826FF593000F6766D /* MSDFilter */;
			targetProxy = 8980D3A026FF593300F6766D /* PBXContainerItemProxy */;
		};
		8980D3AC26FF593300F6766D /* PBXTargetDependency */ = {
			isa = PBXTargetDependency;
			target = 8980D38826FF593000F6766D /* MSDFilter */;
			targetProxy = 8980D3AB26FF593300F6766D /* PBXContainerItemProxy */;
		};
		8980D7342700810A00F6766D /* PBXTargetDependency */ = {
			isa = PBXTargetDependency;
			name = GPUImage_iOS;
			targetProxy = 8980D7332700810A00F6766D /* PBXContainerItemProxy */;
		};
/* End PBXTargetDependency section */

/* Begin PBXVariantGroup section */
		8980D39226FF593000F6766D /* FilterViewController.storyboard */ = {
			isa = PBXVariantGroup;
			children = (
				8980D39326FF593000F6766D /* Base */,
			);
			name = FilterViewController.storyboard;
			sourceTree = "<group>";
		};
		8980D39726FF593300F6766D /* LaunchScreen.storyboard */ = {
			isa = PBXVariantGroup;
			children = (
				8980D39826FF593300F6766D /* Base */,
			);
			name = LaunchScreen.storyboard;
			sourceTree = "<group>";
		};
/* End PBXVariantGroup section */

/* Begin XCBuildConfiguration section */
		8980D3B126FF593300F6766D /* Debug */ = {
			isa = XCBuildConfiguration;
			buildSettings = {
				ALWAYS_SEARCH_USER_PATHS = NO;
				CLANG_ANALYZER_NONNULL = YES;
				CLANG_ANALYZER_NUMBER_OBJECT_CONVERSION = YES_AGGRESSIVE;
				CLANG_CXX_LANGUAGE_STANDARD = "gnu++14";
				CLANG_CXX_LIBRARY = "libc++";
				CLANG_ENABLE_MODULES = YES;
				CLANG_ENABLE_OBJC_ARC = YES;
				CLANG_ENABLE_OBJC_WEAK = YES;
				CLANG_WARN_BLOCK_CAPTURE_AUTORELEASING = YES;
				CLANG_WARN_BOOL_CONVERSION = YES;
				CLANG_WARN_COMMA = YES;
				CLANG_WARN_CONSTANT_CONVERSION = YES;
				CLANG_WARN_DEPRECATED_OBJC_IMPLEMENTATIONS = YES;
				CLANG_WARN_DIRECT_OBJC_ISA_USAGE = YES_ERROR;
				CLANG_WARN_DOCUMENTATION_COMMENTS = YES;
				CLANG_WARN_EMPTY_BODY = YES;
				CLANG_WARN_ENUM_CONVERSION = YES;
				CLANG_WARN_INFINITE_RECURSION = YES;
				CLANG_WARN_INT_CONVERSION = YES;
				CLANG_WARN_NON_LITERAL_NULL_CONVERSION = YES;
				CLANG_WARN_OBJC_IMPLICIT_RETAIN_SELF = YES;
				CLANG_WARN_OBJC_LITERAL_CONVERSION = YES;
				CLANG_WARN_OBJC_ROOT_CLASS = YES_ERROR;
				CLANG_WARN_QUOTED_INCLUDE_IN_FRAMEWORK_HEADER = YES;
				CLANG_WARN_RANGE_LOOP_ANALYSIS = YES;
				CLANG_WARN_STRICT_PROTOTYPES = YES;
				CLANG_WARN_SUSPICIOUS_MOVE = YES;
				CLANG_WARN_UNGUARDED_AVAILABILITY = YES_AGGRESSIVE;
				CLANG_WARN_UNREACHABLE_CODE = YES;
				CLANG_WARN__DUPLICATE_METHOD_MATCH = YES;
				COPY_PHASE_STRIP = NO;
				DEBUG_INFORMATION_FORMAT = dwarf;
				ENABLE_STRICT_OBJC_MSGSEND = YES;
				ENABLE_TESTABILITY = YES;
				GCC_C_LANGUAGE_STANDARD = gnu11;
				GCC_DYNAMIC_NO_PIC = NO;
				GCC_NO_COMMON_BLOCKS = YES;
				GCC_OPTIMIZATION_LEVEL = 0;
				GCC_PREPROCESSOR_DEFINITIONS = (
					"DEBUG=1",
					"$(inherited)",
				);
				GCC_WARN_64_TO_32_BIT_CONVERSION = YES;
				GCC_WARN_ABOUT_RETURN_TYPE = YES_ERROR;
				GCC_WARN_UNDECLARED_SELECTOR = YES;
				GCC_WARN_UNINITIALIZED_AUTOS = YES_AGGRESSIVE;
				GCC_WARN_UNUSED_FUNCTION = YES;
				GCC_WARN_UNUSED_VARIABLE = YES;
				IPHONEOS_DEPLOYMENT_TARGET = 14.5;
				MTL_ENABLE_DEBUG_INFO = INCLUDE_SOURCE;
				MTL_FAST_MATH = YES;
				ONLY_ACTIVE_ARCH = YES;
				SDKROOT = iphoneos;
				SWIFT_ACTIVE_COMPILATION_CONDITIONS = DEBUG;
				SWIFT_OPTIMIZATION_LEVEL = "-Onone";
			};
			name = Debug;
		};
		8980D3B226FF593300F6766D /* Release */ = {
			isa = XCBuildConfiguration;
			buildSettings = {
				ALWAYS_SEARCH_USER_PATHS = NO;
				CLANG_ANALYZER_NONNULL = YES;
				CLANG_ANALYZER_NUMBER_OBJECT_CONVERSION = YES_AGGRESSIVE;
				CLANG_CXX_LANGUAGE_STANDARD = "gnu++14";
				CLANG_CXX_LIBRARY = "libc++";
				CLANG_ENABLE_MODULES = YES;
				CLANG_ENABLE_OBJC_ARC = YES;
				CLANG_ENABLE_OBJC_WEAK = YES;
				CLANG_WARN_BLOCK_CAPTURE_AUTORELEASING = YES;
				CLANG_WARN_BOOL_CONVERSION = YES;
				CLANG_WARN_COMMA = YES;
				CLANG_WARN_CONSTANT_CONVERSION = YES;
				CLANG_WARN_DEPRECATED_OBJC_IMPLEMENTATIONS = YES;
				CLANG_WARN_DIRECT_OBJC_ISA_USAGE = YES_ERROR;
				CLANG_WARN_DOCUMENTATION_COMMENTS = YES;
				CLANG_WARN_EMPTY_BODY = YES;
				CLANG_WARN_ENUM_CONVERSION = YES;
				CLANG_WARN_INFINITE_RECURSION = YES;
				CLANG_WARN_INT_CONVERSION = YES;
				CLANG_WARN_NON_LITERAL_NULL_CONVERSION = YES;
				CLANG_WARN_OBJC_IMPLICIT_RETAIN_SELF = YES;
				CLANG_WARN_OBJC_LITERAL_CONVERSION = YES;
				CLANG_WARN_OBJC_ROOT_CLASS = YES_ERROR;
				CLANG_WARN_QUOTED_INCLUDE_IN_FRAMEWORK_HEADER = YES;
				CLANG_WARN_RANGE_LOOP_ANALYSIS = YES;
				CLANG_WARN_STRICT_PROTOTYPES = YES;
				CLANG_WARN_SUSPICIOUS_MOVE = YES;
				CLANG_WARN_UNGUARDED_AVAILABILITY = YES_AGGRESSIVE;
				CLANG_WARN_UNREACHABLE_CODE = YES;
				CLANG_WARN__DUPLICATE_METHOD_MATCH = YES;
				COPY_PHASE_STRIP = NO;
				DEBUG_INFORMATION_FORMAT = "dwarf-with-dsym";
				ENABLE_NS_ASSERTIONS = NO;
				ENABLE_STRICT_OBJC_MSGSEND = YES;
				GCC_C_LANGUAGE_STANDARD = gnu11;
				GCC_NO_COMMON_BLOCKS = YES;
				GCC_WARN_64_TO_32_BIT_CONVERSION = YES;
				GCC_WARN_ABOUT_RETURN_TYPE = YES_ERROR;
				GCC_WARN_UNDECLARED_SELECTOR = YES;
				GCC_WARN_UNINITIALIZED_AUTOS = YES_AGGRESSIVE;
				GCC_WARN_UNUSED_FUNCTION = YES;
				GCC_WARN_UNUSED_VARIABLE = YES;
				IPHONEOS_DEPLOYMENT_TARGET = 14.5;
				MTL_ENABLE_DEBUG_INFO = NO;
				MTL_FAST_MATH = YES;
				SDKROOT = iphoneos;
				SWIFT_COMPILATION_MODE = wholemodule;
				SWIFT_OPTIMIZATION_LEVEL = "-O";
				VALIDATE_PRODUCT = YES;
			};
			name = Release;
		};
		8980D3B426FF593300F6766D /* Debug */ = {
			isa = XCBuildConfiguration;
			baseConfigurationReference = B1B2C4CF370CB9275BFB7C4D /* Pods-MSDFilter.debug.xcconfig */;
			buildSettings = {
				ASSETCATALOG_COMPILER_APPICON_NAME = AppIcon;
				ASSETCATALOG_COMPILER_GLOBAL_ACCENT_COLOR_NAME = AccentColor;
				CODE_SIGN_STYLE = Automatic;
				DEVELOPMENT_TEAM = BJY4QR83T9;
				INFOPLIST_FILE = MSDFilter/Resources/Plist/Info.plist;
				LD_RUNPATH_SEARCH_PATHS = (
					"$(inherited)",
					"@executable_path/Frameworks",
				);
				PRODUCT_BUNDLE_IDENTIFIER = com.winterOwls.MSDFilter;
				PRODUCT_NAME = "$(TARGET_NAME)";
				SWIFT_VERSION = 5.0;
				TARGETED_DEVICE_FAMILY = "1,2";
			};
			name = Debug;
		};
		8980D3B526FF593300F6766D /* Release */ = {
			isa = XCBuildConfiguration;
			baseConfigurationReference = 8D5E2852FE37857114BB91C5 /* Pods-MSDFilter.release.xcconfig */;
			buildSettings = {
				ASSETCATALOG_COMPILER_APPICON_NAME = AppIcon;
				ASSETCATALOG_COMPILER_GLOBAL_ACCENT_COLOR_NAME = AccentColor;
				CODE_SIGN_STYLE = Automatic;
				DEVELOPMENT_TEAM = BJY4QR83T9;
				INFOPLIST_FILE = MSDFilter/Resources/Plist/Info.plist;
				LD_RUNPATH_SEARCH_PATHS = (
					"$(inherited)",
					"@executable_path/Frameworks",
				);
				PRODUCT_BUNDLE_IDENTIFIER = com.winterOwls.MSDFilter;
				PRODUCT_NAME = "$(TARGET_NAME)";
				SWIFT_VERSION = 5.0;
				TARGETED_DEVICE_FAMILY = "1,2";
			};
			name = Release;
		};
		8980D3B726FF593300F6766D /* Debug */ = {
			isa = XCBuildConfiguration;
			baseConfigurationReference = 7A5B3BF6CD01876CC5F13E72 /* Pods-MSDFilterTests.debug.xcconfig */;
			buildSettings = {
				ALWAYS_EMBED_SWIFT_STANDARD_LIBRARIES = YES;
				BUNDLE_LOADER = "$(TEST_HOST)";
				CODE_SIGN_STYLE = Automatic;
				DEVELOPMENT_TEAM = BJY4QR83T9;
				INFOPLIST_FILE = MSDFilterTests/Info.plist;
				IPHONEOS_DEPLOYMENT_TARGET = 14.5;
				LD_RUNPATH_SEARCH_PATHS = (
					"$(inherited)",
					"@executable_path/Frameworks",
					"@loader_path/Frameworks",
				);
				PRODUCT_BUNDLE_IDENTIFIER = com.winterOwls.MSDFilterTests;
				PRODUCT_NAME = "$(TARGET_NAME)";
				SWIFT_VERSION = 5.0;
				TARGETED_DEVICE_FAMILY = "1,2";
				TEST_HOST = "$(BUILT_PRODUCTS_DIR)/MSDFilter.app/MSDFilter";
			};
			name = Debug;
		};
		8980D3B826FF593300F6766D /* Release */ = {
			isa = XCBuildConfiguration;
			baseConfigurationReference = 6CF49195681DBCAD6501CE9C /* Pods-MSDFilterTests.release.xcconfig */;
			buildSettings = {
				ALWAYS_EMBED_SWIFT_STANDARD_LIBRARIES = YES;
				BUNDLE_LOADER = "$(TEST_HOST)";
				CODE_SIGN_STYLE = Automatic;
				DEVELOPMENT_TEAM = BJY4QR83T9;
				INFOPLIST_FILE = MSDFilterTests/Info.plist;
				IPHONEOS_DEPLOYMENT_TARGET = 14.5;
				LD_RUNPATH_SEARCH_PATHS = (
					"$(inherited)",
					"@executable_path/Frameworks",
					"@loader_path/Frameworks",
				);
				PRODUCT_BUNDLE_IDENTIFIER = com.winterOwls.MSDFilterTests;
				PRODUCT_NAME = "$(TARGET_NAME)";
				SWIFT_VERSION = 5.0;
				TARGETED_DEVICE_FAMILY = "1,2";
				TEST_HOST = "$(BUILT_PRODUCTS_DIR)/MSDFilter.app/MSDFilter";
			};
			name = Release;
		};
		8980D3BA26FF593300F6766D /* Debug */ = {
			isa = XCBuildConfiguration;
			baseConfigurationReference = BA0AAB2F0E03BF425BF2881F /* Pods-MSDFilter-MSDFilterUITests.debug.xcconfig */;
			buildSettings = {
				ALWAYS_EMBED_SWIFT_STANDARD_LIBRARIES = YES;
				CODE_SIGN_STYLE = Automatic;
				DEVELOPMENT_TEAM = BJY4QR83T9;
				INFOPLIST_FILE = MSDFilterUITests/Info.plist;
				LD_RUNPATH_SEARCH_PATHS = (
					"$(inherited)",
					"@executable_path/Frameworks",
					"@loader_path/Frameworks",
				);
				PRODUCT_BUNDLE_IDENTIFIER = com.winterOwls.MSDFilterUITests;
				PRODUCT_NAME = "$(TARGET_NAME)";
				SWIFT_VERSION = 5.0;
				TARGETED_DEVICE_FAMILY = "1,2";
				TEST_TARGET_NAME = MSDFilter;
			};
			name = Debug;
		};
		8980D3BB26FF593300F6766D /* Release */ = {
			isa = XCBuildConfiguration;
			baseConfigurationReference = 6331DC706450B0373DADDABA /* Pods-MSDFilter-MSDFilterUITests.release.xcconfig */;
			buildSettings = {
				ALWAYS_EMBED_SWIFT_STANDARD_LIBRARIES = YES;
				CODE_SIGN_STYLE = Automatic;
				DEVELOPMENT_TEAM = BJY4QR83T9;
				INFOPLIST_FILE = MSDFilterUITests/Info.plist;
				LD_RUNPATH_SEARCH_PATHS = (
					"$(inherited)",
					"@executable_path/Frameworks",
					"@loader_path/Frameworks",
				);
				PRODUCT_BUNDLE_IDENTIFIER = com.winterOwls.MSDFilterUITests;
				PRODUCT_NAME = "$(TARGET_NAME)";
				SWIFT_VERSION = 5.0;
				TARGETED_DEVICE_FAMILY = "1,2";
				TEST_TARGET_NAME = MSDFilter;
			};
			name = Release;
		};
/* End XCBuildConfiguration section */

/* Begin XCConfigurationList section */
		8980D38426FF593000F6766D /* Build configuration list for PBXProject "MSDFilter" */ = {
			isa = XCConfigurationList;
			buildConfigurations = (
				8980D3B126FF593300F6766D /* Debug */,
				8980D3B226FF593300F6766D /* Release */,
			);
			defaultConfigurationIsVisible = 0;
			defaultConfigurationName = Release;
		};
		8980D3B326FF593300F6766D /* Build configuration list for PBXNativeTarget "MSDFilter" */ = {
			isa = XCConfigurationList;
			buildConfigurations = (
				8980D3B426FF593300F6766D /* Debug */,
				8980D3B526FF593300F6766D /* Release */,
			);
			defaultConfigurationIsVisible = 0;
			defaultConfigurationName = Release;
		};
		8980D3B626FF593300F6766D /* Build configuration list for PBXNativeTarget "MSDFilterTests" */ = {
			isa = XCConfigurationList;
			buildConfigurations = (
				8980D3B726FF593300F6766D /* Debug */,
				8980D3B826FF593300F6766D /* Release */,
			);
			defaultConfigurationIsVisible = 0;
			defaultConfigurationName = Release;
		};
		8980D3B926FF593300F6766D /* Build configuration list for PBXNativeTarget "MSDFilterUITests" */ = {
			isa = XCConfigurationList;
			buildConfigurations = (
				8980D3BA26FF593300F6766D /* Debug */,
				8980D3BB26FF593300F6766D /* Release */,
			);
			defaultConfigurationIsVisible = 0;
			defaultConfigurationName = Release;
		};
/* End XCConfigurationList section */
	};
	rootObject = 8980D38126FF593000F6766D /* Project object */;
}
